("quicklisp" .
 (:class qlot/source/dist:source-dist
  :initargs (:distribution "https://beta.quicklisp.org/dist/quicklisp.txt" :%version :latest)
  :version "2025-06-22"))
("cl-dbi" .
 (:class qlot/source/github:source-github
  :initargs (:repos "fukamachi/cl-dbi" :ref nil :branch nil :tag nil)
  :version "github-2148fac9c0ee7d911ca9b6a1cf35f70c86fa8775"))
("cl-dbi-connection-pool" .
 (:class qlot/source/github:source-github
  :initargs (:repos "tamurashingo/cl-dbi-connection-pool" :ref nil :branch nil :tag nil)
  :version "github-e3e02a5d391978793de006e65d085aa48c8b673b"))
("getcmd" .
 (:class qlot/source/github:source-github
  :initargs (:repos "tamurashingo/getcmd" :ref nil :branch nil :tag nil)
  :version "github-e5c45537eb0ed07b6bebc0099af0a0a566d67358"))
("uiop" .
 (:class qlot/source/http:source-http
  :initargs (:url "https://asdf.common-lisp.dev/archives/uiop-3.3.1.tar.gz" :archive-md5 nil)
  :version "http-7a90377c4fc96676d5fa5197d9e9ec11"))
